// !$*UTF8*$!
{
	archiveVersion = 1;
	classes = {
	};
	objectVersion = 50;
	objects = {

/* Begin PBXBuildFile section */
		12555CA8249270FB008BA589 /* AppDelegate.swift in Sources */ = {isa = PBXBuildFile; fileRef = 12555CA7249270FB008BA589 /* AppDelegate.swift */; };
		12555CAA249270FB008BA589 /* SceneDelegate.swift in Sources */ = {isa = PBXBuildFile; fileRef = 12555CA9249270FB008BA589 /* SceneDelegate.swift */; };
		12555CAC249270FB008BA589 /* ViewController.swift in Sources */ = {isa = PBXBuildFile; fileRef = 12555CAB249270FB008BA589 /* ViewController.swift */; };
		12555CAF249270FB008BA589 /* Main.storyboard in Resources */ = {isa = PBXBuildFile; fileRef = 12555CAD249270FB008BA589 /* Main.storyboard */; };
		12555CB124927104008BA589 /* Assets.xcassets in Resources */ = {isa = PBXBuildFile; fileRef = 12555CB024927104008BA589 /* Assets.xcassets */; };
		12555CB424927104008BA589 /* LaunchScreen.storyboard in Resources */ = {isa = PBXBuildFile; fileRef = 12555CB224927104008BA589 /* LaunchScreen.storyboard */; };
		12555CBE249276FA008BA589 /* AddController.swift in Sources */ = {isa = PBXBuildFile; fileRef = 12555CBD249276FA008BA589 /* AddController.swift */; };
		98B2B5E224A86AF500A30B3A /* AppIcon.appiconset in Resources */ = {isa = PBXBuildFile; fileRef = 98B2B5E124A86AF500A30B3A /* AppIcon.appiconset */; };
		98B2B5EA24A8A2DF00A30B3A /* ChartController.swift in Sources */ = {isa = PBXBuildFile; fileRef = 98B2B5E924A8A2DF00A30B3A /* ChartController.swift */; };
		A66AD0212A59F461B320BB42 /* Pods_to_do_sumple.framework in Frameworks */ = {isa = PBXBuildFile; fileRef = 1F1376A4C712A4F6604428EB /* Pods_to_do_sumple.framework */; };
/* End PBXBuildFile section */

/* Begin PBXFileReference section */
		12555CA4249270FB008BA589 /* to_do_sumple.app */ = {isa = PBXFileReference; explicitFileType = wrapper.application; includeInIndex = 0; path = to_do_sumple.app; sourceTree = BUILT_PRODUCTS_DIR; };
		12555CA7249270FB008BA589 /* AppDelegate.swift */ = {isa = PBXFileReference; lastKnownFileType = sourcecode.swift; path = AppDelegate.swift; sourceTree = "<group>"; };
		12555CA9249270FB008BA589 /* SceneDelegate.swift */ = {isa = PBXFileReference; lastKnownFileType = sourcecode.swift; path = SceneDelegate.swift; sourceTree = "<group>"; };
		12555CAB249270FB008BA589 /* ViewController.swift */ = {isa = PBXFileReference; lastKnownFileType = sourcecode.swift; path = ViewController.swift; sourceTree = "<group>"; };
		12555CAE249270FB008BA589 /* Base */ = {isa = PBXFileReference; lastKnownFileType = file.storyboard; name = Base; path = Base.lproj/Main.storyboard; sourceTree = "<group>"; };
		12555CB024927104008BA589 /* Assets.xcassets */ = {isa = PBXFileReference; lastKnownFileType = folder.assetcatalog; path = Assets.xcassets; sourceTree = "<group>"; };
		12555CB324927104008BA589 /* Base */ = {isa = PBXFileReference; lastKnownFileType = file.storyboard; name = Base; path = Base.lproj/LaunchScreen.storyboard; sourceTree = "<group>"; };
		12555CB524927104008BA589 /* Info.plist */ = {isa = PBXFileReference; lastKnownFileType = text.plist.xml; path = Info.plist; sourceTree = "<group>"; };
		12555CBD249276FA008BA589 /* AddController.swift */ = {isa = PBXFileReference; lastKnownFileType = sourcecode.swift; path = AddController.swift; sourceTree = "<group>"; };
		1F1376A4C712A4F6604428EB /* Pods_to_do_sumple.framework */ = {isa = PBXFileReference; explicitFileType = wrapper.framework; includeInIndex = 0; path = Pods_to_do_sumple.framework; sourceTree = BUILT_PRODUCTS_DIR; };
		27135376A82AF379C10E4BF9 /* Pods-to_do_sumple.release.xcconfig */ = {isa = PBXFileReference; includeInIndex = 1; lastKnownFileType = text.xcconfig; name = "Pods-to_do_sumple.release.xcconfig"; path = "Target Support Files/Pods-to_do_sumple/Pods-to_do_sumple.release.xcconfig"; sourceTree = "<group>"; };
		4492505B34E595B2D2026E2D /* Pods-to_do_sumple.debug.xcconfig */ = {isa = PBXFileReference; includeInIndex = 1; lastKnownFileType = text.xcconfig; name = "Pods-to_do_sumple.debug.xcconfig"; path = "Target Support Files/Pods-to_do_sumple/Pods-to_do_sumple.debug.xcconfig"; sourceTree = "<group>"; };
		98B2B5E124A86AF500A30B3A /* AppIcon.appiconset */ = {isa = PBXFileReference; lastKnownFileType = folder; name = AppIcon.appiconset; path = Assets.xcassets/AppIcon.appiconset; sourceTree = "<group>"; };
		98B2B5E924A8A2DF00A30B3A /* ChartController.swift */ = {isa = PBXFileReference; lastKnownFileType = sourcecode.swift; path = ChartController.swift; sourceTree = "<group>"; };
/* End PBXFileReference section */

/* Begin PBXFrameworksBuildPhase section */
		12555CA1249270FB008BA589 /* Frameworks */ = {
			isa = PBXFrameworksBuildPhase;
			buildActionMask = 2147483647;
			files = (
				A66AD0212A59F461B320BB42 /* Pods_to_do_sumple.framework in Frameworks */,
			);
			runOnlyForDeploymentPostprocessing = 0;
		};
/* End PBXFrameworksBuildPhase section */

/* Begin PBXGroup section */
		12555C9B249270FB008BA589 = {
			isa = PBXGroup;
			children = (
				12555CA6249270FB008BA589 /* to_do_sumple */,
				12555CA5249270FB008BA589 /* Products */,
				3DF7E0A8ED6C4774F516839F /* Pods */,
				957E427D8F2335136235A9E0 /* Frameworks */,
			);
			sourceTree = "<group>";
		};
		12555CA5249270FB008BA589 /* Products */ = {
			isa = PBXGroup;
			children = (
				12555CA4249270FB008BA589 /* to_do_sumple.app */,
			);
			name = Products;
			sourceTree = "<group>";
		};
		12555CA6249270FB008BA589 /* to_do_sumple */ = {
			isa = PBXGroup;
			children = (
				12555CA7249270FB008BA589 /* AppDelegate.swift */,
				12555CA9249270FB008BA589 /* SceneDelegate.swift */,
				12555CAB249270FB008BA589 /* ViewController.swift */,
				98B2B5E924A8A2DF00A30B3A /* ChartController.swift */,
				12555CBD249276FA008BA589 /* AddController.swift */,
				12555CAD249270FB008BA589 /* Main.storyboard */,
				12555CB024927104008BA589 /* Assets.xcassets */,
				98B2B5E124A86AF500A30B3A /* AppIcon.appiconset */,
				12555CB224927104008BA589 /* LaunchScreen.storyboard */,
				12555CB524927104008BA589 /* Info.plist */,
			);
			path = to_do_sumple;
			sourceTree = "<group>";
		};
		3DF7E0A8ED6C4774F516839F /* Pods */ = {
			isa = PBXGroup;
			children = (
				4492505B34E595B2D2026E2D /* Pods-to_do_sumple.debug.xcconfig */,
				27135376A82AF379C10E4BF9 /* Pods-to_do_sumple.release.xcconfig */,
			);
			name = Pods;
			path = Pods;
			sourceTree = "<group>";
		};
		957E427D8F2335136235A9E0 /* Frameworks */ = {
			isa = PBXGroup;
			children = (
				1F1376A4C712A4F6604428EB /* Pods_to_do_sumple.framework */,
			);
			name = Frameworks;
			sourceTree = "<group>";
		};
/* End PBXGroup section */

/* Begin PBXNativeTarget section */
		12555CA3249270FB008BA589 /* to_do_sumple */ = {
			isa = PBXNativeTarget;
			buildConfigurationList = 12555CB824927104008BA589 /* Build configuration list for PBXNativeTarget "to_do_sumple" */;
			buildPhases = (
				763242A88F478634F10CDC44 /* [CP] Check Pods Manifest.lock */,
				12555CA0249270FB008BA589 /* Sources */,
				12555CA1249270FB008BA589 /* Frameworks */,
				12555CA2249270FB008BA589 /* Resources */,
				31AC057C8E90A03423B3142B /* [CP] Embed Pods Frameworks */,
			);
			buildRules = (
			);
			dependencies = (
			);
			name = to_do_sumple;
			productName = to_do_sumple;
			productReference = 12555CA4249270FB008BA589 /* to_do_sumple.app */;
			productType = "com.apple.product-type.application";
		};
/* End PBXNativeTarget section */

/* Begin PBXProject section */
		12555C9C249270FB008BA589 /* Project object */ = {
			isa = PBXProject;
			attributes = {
				LastSwiftUpdateCheck = 1150;
				LastUpgradeCheck = 1150;
				ORGANIZATIONNAME = "itsuki kaji";
				TargetAttributes = {
					12555CA3249270FB008BA589 = {
						CreatedOnToolsVersion = 11.5;
					};
				};
			};
			buildConfigurationList = 12555C9F249270FB008BA589 /* Build configuration list for PBXProject "to_do_sumple" */;
			compatibilityVersion = "Xcode 9.3";
			developmentRegion = en;
			hasScannedForEncodings = 0;
			knownRegions = (
				en,
				Base,
			);
			mainGroup = 12555C9B249270FB008BA589;
			productRefGroup = 12555CA5249270FB008BA589 /* Products */;
			projectDirPath = "";
			projectRoot = "";
			targets = (
				12555CA3249270FB008BA589 /* to_do_sumple */,
			);
		};
/* End PBXProject section */

/* Begin PBXResourcesBuildPhase section */
		12555CA2249270FB008BA589 /* Resources */ = {
			isa = PBXResourcesBuildPhase;
			buildActionMask = 2147483647;
			files = (
				98B2B5E224A86AF500A30B3A /* AppIcon.appiconset in Resources */,
				12555CB424927104008BA589 /* LaunchScreen.storyboard in Resources */,
				12555CB124927104008BA589 /* Assets.xcassets in Resources */,
				12555CAF249270FB008BA589 /* Main.storyboard in Resources */,
			);
			runOnlyForDeploymentPostprocessing = 0;
		};
/* End PBXResourcesBuildPhase section */

/* Begin PBXShellScriptBuildPhase section */
		31AC057C8E90A03423B3142B /* [CP] Embed Pods Frameworks */ = {
			isa = PBXShellScriptBuildPhase;
			buildActionMask = 2147483647;
			files = (
			);
			inputFileListPaths = (
				"${PODS_ROOT}/Target Support Files/Pods-to_do_sumple/Pods-to_do_sumple-frameworks-${CONFIGURATION}-input-files.xcfilelist",
			);
			name = "[CP] Embed Pods Frameworks";
			outputFileListPaths = (
				"${PODS_ROOT}/Target Support Files/Pods-to_do_sumple/Pods-to_do_sumple-frameworks-${CONFIGURATION}-output-files.xcfilelist",
			);
			runOnlyForDeploymentPostprocessing = 0;
			shellPath = /bin/sh;
			shellScript = "\"${PODS_ROOT}/Target Support Files/Pods-to_do_sumple/Pods-to_do_sumple-frameworks.sh\"\n";
			showEnvVarsInLog = 0;
		};
		763242A88F478634F10CDC44 /* [CP] Check Pods Manifest.lock */ = {
			isa = PBXShellScriptBuildPhase;
			buildActionMask = 2147483647;
			files = (
			);
			inputFileListPaths = (
			);
			inputPaths = (
				"${PODS_PODFILE_DIR_PATH}/Podfile.lock",
				"${PODS_ROOT}/Manifest.lock",
			);
			name = "[CP] Check Pods Manifest.lock";
			outputFileListPaths = (
			);
			outputPaths = (
				"$(DERIVED_FILE_DIR)/Pods-to_do_sumple-checkManifestLockResult.txt",
			);
			runOnlyForDeploymentPostprocessing = 0;
			shellPath = /bin/sh;
			shellScript = "diff \"${PODS_PODFILE_DIR_PATH}/Podfile.lock\" \"${PODS_ROOT}/Manifest.lock\" > /dev/null\nif [ $? != 0 ] ; then\n    # print error to STDERR\n    echo \"error: The sandbox is not in sync with the Podfile.lock. Run 'pod install' or update your CocoaPods installation.\" >&2\n    exit 1\nfi\n# This output is used by Xcode 'outputs' to avoid re-running this script phase.\necho \"SUCCESS\" > \"${SCRIPT_OUTPUT_FILE_0}\"\n";
			showEnvVarsInLog = 0;
		};
/* End PBXShellScriptBuildPhase section */

/* Begin PBXSourcesBuildPhase section */
		12555CA0249270FB008BA589 /* Sources */ = {
			isa = PBXSourcesBuildPhase;
			buildActionMask = 2147483647;
			files = (
				98B2B5EA24A8A2DF00A30B3A /* ChartController.swift in Sources */,
				12555CAC249270FB008BA589 /* ViewController.swift in Sources */,
				12555CA8249270FB008BA589 /* AppDelegate.swift in Sources */,
				12555CAA249270FB008BA589 /* SceneDelegate.swift in Sources */,
				12555CBE249276FA008BA589 /* AddController.swift in Sources */,
			);
			runOnlyForDeploymentPostprocessing = 0;
		};
/* End PBXSourcesBuildPhase section */

/* Begin PBXVariantGroup section */
		12555CAD249270FB008BA589 /* Main.storyboard */ = {
			isa = PBXVariantGroup;
			children = (
				12555CAE249270FB008BA589 /* Base */,
			);
			name = Main.storyboard;
			sourceTree = "<group>";
		};
		12555CB224927104008BA589 /* LaunchScreen.storyboard */ = {
			isa = PBXVariantGroup;
			children = (
				12555CB324927104008BA589 /* Base */,
			);
			name = LaunchScreen.storyboard;
			sourceTree = "<group>";
		};
/* End PBXVariantGroup section */

/* Begin XCBuildConfiguration section */
		12555CB624927104008BA589 /* Debug */ = {
			isa = XCBuildConfiguration;
			buildSettings = {
				ALWAYS_SEARCH_USER_PATHS = NO;
				CLANG_ANALYZER_NONNULL = YES;
				CLANG_ANALYZER_NUMBER_OBJECT_CONVERSION = YES_AGGRESSIVE;
				CLANG_CXX_LANGUAGE_STANDARD = "gnu++14";
				CLANG_CXX_LIBRARY = "libc++";
				CLANG_ENABLE_MODULES = YES;
				CLANG_ENABLE_OBJC_ARC = YES;
				CLANG_ENABLE_OBJC_WEAK = YES;
				CLANG_WARN_BLOCK_CAPTURE_AUTORELEASING = YES;
				CLANG_WARN_BOOL_CONVERSION = YES;
				CLANG_WARN_COMMA = YES;
				CLANG_WARN_CONSTANT_CONVERSION = YES;
				CLANG_WARN_DEPRECATED_OBJC_IMPLEMENTATIONS = YES;
				CLANG_WARN_DIRECT_OBJC_ISA_USAGE = YES_ERROR;
				CLANG_WARN_DOCUMENTATION_COMMENTS = YES;
				CLANG_WARN_EMPTY_BODY = YES;
				CLANG_WARN_ENUM_CONVERSION = YES;
				CLANG_WARN_INFINITE_RECURSION = YES;
				CLANG_WARN_INT_CONVERSION = YES;
				CLANG_WARN_NON_LITERAL_NULL_CONVERSION = YES;
				CLANG_WARN_OBJC_IMPLICIT_RETAIN_SELF = YES;
				CLANG_WARN_OBJC_LITERAL_CONVERSION = YES;
				CLANG_WARN_OBJC_ROOT_CLASS = YES_ERROR;
				CLANG_WARN_RANGE_LOOP_ANALYSIS = YES;
				CLANG_WARN_STRICT_PROTOTYPES = YES;
				CLANG_WARN_SUSPICIOUS_MOVE = YES;
				CLANG_WARN_UNGUARDED_AVAILABILITY = YES_AGGRESSIVE;
				CLANG_WARN_UNREACHABLE_CODE = YES;
				CLANG_WARN__DUPLICATE_METHOD_MATCH = YES;
				COPY_PHASE_STRIP = NO;
				DEBUG_INFORMATION_FORMAT = dwarf;
				ENABLE_STRICT_OBJC_MSGSEND = YES;
				ENABLE_TESTABILITY = YES;
				GCC_C_LANGUAGE_STANDARD = gnu11;
				GCC_DYNAMIC_NO_PIC = NO;
				GCC_NO_COMMON_BLOCKS = YES;
				GCC_OPTIMIZATION_LEVEL = 0;
				GCC_PREPROCESSOR_DEFINITIONS = (
					"DEBUG=1",
					"$(inherited)",
				);
				GCC_WARN_64_TO_32_BIT_CONVERSION = YES;
				GCC_WARN_ABOUT_RETURN_TYPE = YES_ERROR;
				GCC_WARN_UNDECLARED_SELECTOR = YES;
				GCC_WARN_UNINITIALIZED_AUTOS = YES_AGGRESSIVE;
				GCC_WARN_UNUSED_FUNCTION = YES;
				GCC_WARN_UNUSED_VARIABLE = YES;
				IPHONEOS_DEPLOYMENT_TARGET = 13.4;
				MTL_ENABLE_DEBUG_INFO = INCLUDE_SOURCE;
				MTL_FAST_MATH = YES;
				ONLY_ACTIVE_ARCH = YES;
				SDKROOT = iphoneos;
				SWIFT_ACTIVE_COMPILATION_CONDITIONS = DEBUG;
				SWIFT_OPTIMIZATION_LEVEL = "-Onone";
			};
			name = Debug;
		};
		12555CB724927104008BA589 /* Release */ = {
			isa = XCBuildConfiguration;
			buildSettings = {
				ALWAYS_SEARCH_USER_PATHS = NO;
				CLANG_ANALYZER_NONNULL = YES;
				CLANG_ANALYZER_NUMBER_OBJECT_CONVERSION = YES_AGGRESSIVE;
				CLANG_CXX_LANGUAGE_STANDARD = "gnu++14";
				CLANG_CXX_LIBRARY = "libc++";
				CLANG_ENABLE_MODULES = YES;
				CLANG_ENABLE_OBJC_ARC = YES;
				CLANG_ENABLE_OBJC_WEAK = YES;
				CLANG_WARN_BLOCK_CAPTURE_AUTORELEASING = YES;
				CLANG_WARN_BOOL_CONVERSION = YES;
				CLANG_WARN_COMMA = YES;
				CLANG_WARN_CONSTANT_CONVERSION = YES;
				CLANG_WARN_DEPRECATED_OBJC_IMPLEMENTATIONS = YES;
				CLANG_WARN_DIRECT_OBJC_ISA_USAGE = YES_ERROR;
				CLANG_WARN_DOCUMENTATION_COMMENTS = YES;
				CLANG_WARN_EMPTY_BODY = YES;
				CLANG_WARN_ENUM_CONVERSION = YES;
				CLANG_WARN_INFINITE_RECURSION = YES;
				CLANG_WARN_INT_CONVERSION = YES;
				CLANG_WARN_NON_LITERAL_NULL_CONVERSION = YES;
				CLANG_WARN_OBJC_IMPLICIT_RETAIN_SELF = YES;
				CLANG_WARN_OBJC_LITERAL_CONVERSION = YES;
				CLANG_WARN_OBJC_ROOT_CLASS = YES_ERROR;
				CLANG_WARN_RANGE_LOOP_ANALYSIS = YES;
				CLANG_WARN_STRICT_PROTOTYPES = YES;
				CLANG_WARN_SUSPICIOUS_MOVE = YES;
				CLANG_WARN_UNGUARDED_AVAILABILITY = YES_AGGRESSIVE;
				CLANG_WARN_UNREACHABLE_CODE = YES;
				CLANG_WARN__DUPLICATE_METHOD_MATCH = YES;
				COPY_PHASE_STRIP = NO;
				DEBUG_INFORMATION_FORMAT = "dwarf-with-dsym";
				ENABLE_NS_ASSERTIONS = NO;
				ENABLE_STRICT_OBJC_MSGSEND = YES;
				GCC_C_LANGUAGE_STANDARD = gnu11;
				GCC_NO_COMMON_BLOCKS = YES;
				GCC_WARN_64_TO_32_BIT_CONVERSION = YES;
				GCC_WARN_ABOUT_RETURN_TYPE = YES_ERROR;
				GCC_WARN_UNDECLARED_SELECTOR = YES;
				GCC_WARN_UNINITIALIZED_AUTOS = YES_AGGRESSIVE;
				GCC_WARN_UNUSED_FUNCTION = YES;
				GCC_WARN_UNUSED_VARIABLE = YES;
				IPHONEOS_DEPLOYMENT_TARGET = 13.4;
				MTL_ENABLE_DEBUG_INFO = NO;
				MTL_FAST_MATH = YES;
				SDKROOT = iphoneos;
				SWIFT_COMPILATION_MODE = wholemodule;
				SWIFT_OPTIMIZATION_LEVEL = "-O";
				VALIDATE_PRODUCT = YES;
			};
			name = Release;
		};
		12555CB924927104008BA589 /* Debug */ = {
			isa = XCBuildConfiguration;
			baseConfigurationReference = 4492505B34E595B2D2026E2D /* Pods-to_do_sumple.debug.xcconfig */;
			buildSettings = {
				ASSETCATALOG_COMPILER_APPICON_NAME = AppIcon;
				CODE_SIGN_STYLE = Automatic;
				DEVELOPMENT_TEAM = BZSJV8VXA2;
				INFOPLIST_FILE = to_do_sumple/Info.plist;
				LD_RUNPATH_SEARCH_PATHS = (
					"$(inherited)",
					"@executable_path/Frameworks",
				);
				PRODUCT_BUNDLE_IDENTIFIER = "com.gmail.i.nono.soccer.to-do-sumple";
				PRODUCT_NAME = "$(TARGET_NAME)";
				SWIFT_VERSION = 5.0;
				TARGETED_DEVICE_FAMILY = "1,2";
			};
			name = Debug;
		};
		12555CBA24927104008BA589 /* Release */ = {
			isa = XCBuildConfiguration;
			baseConfigurationReference = 27135376A82AF379C10E4BF9 /* Pods-to_do_sumple.release.xcconfig */;
			buildSettings = {
				ASSETCATALOG_COMPILER_APPICON_NAME = AppIcon;
				CODE_SIGN_STYLE = Automatic;
				DEVELOPMENT_TEAM = BZSJV8VXA2;
				INFOPLIST_FILE = to_do_sumple/Info.plist;
				LD_RUNPATH_SEARCH_PATHS = (
					"$(inherited)",
					"@executable_path/Frameworks",
				);
				PRODUCT_BUNDLE_IDENTIFIER = "com.gmail.i.nono.soccer.to-do-sumple";
				PRODUCT_NAME = "$(TARGET_NAME)";
				SWIFT_VERSION = 5.0;
				TARGETED_DEVICE_FAMILY = "1,2";
			};
			name = Release;
		};
/* End XCBuildConfiguration section */

/* Begin XCConfigurationList section */
		12555C9F249270FB008BA589 /* Build configuration list for PBXProject "to_do_sumple" */ = {
			isa = XCConfigurationList;
			buildConfigurations = (
				12555CB624927104008BA589 /* Debug */,
				12555CB724927104008BA589 /* Release */,
			);
			defaultConfigurationIsVisible = 0;
			defaultConfigurationName = Release;
		};
		12555CB824927104008BA589 /* Build configuration list for PBXNativeTarget "to_do_sumple" */ = {
			isa = XCConfigurationList;
			buildConfigurations = (
				12555CB924927104008BA589 /* Debug */,
				12555CBA24927104008BA589 /* Release */,
			);
			defaultConfigurationIsVisible = 0;
			defaultConfigurationName = Release;
		};
/* End XCConfigurationList section */
	};
	rootObject = 12555C9C249270FB008BA589 /* Project object */;
}
